
Microsoft Visual Studio Solution File, Format Version 12.00
# Visual Studio Version 17
VisualStudioVersion = 17.3.32922.545
MinimumVisualStudioVersion = 10.0.40219.1
Project("{FAE04EC0-301F-11D3-BF4B-00C04F79EFBC}") = "fstack", "fstack\fstack.csproj", "{72CAC24D-224E-4B23-ADE3-502A40AA4636}"
EndProject
Global
	GlobalSection(SolutionConfigurationPlatforms) = preSolution
		Debug|Any CPU = Debug|Any CPU
		Release|Any CPU = Release|Any CPU
	EndGlobalSection
	GlobalSection(ProjectConfigurationPlatforms) = postSolution
		{72CAC24D-224E-4B23-ADE3-502A40AA4636}.Debug|Any CPU.ActiveCfg = Debug|Any CPU
		{72CAC24D-224E-4B23-ADE3-502A40AA4636}.Debug|Any CPU.Build.0 = Debug|Any CPU
		{72CAC24D-224E-4B23-ADE3-502A40AA4636}.Release|Any CPU.ActiveCfg = Release|Any CPU
		{72CAC24D-224E-4B23-ADE3-502A40AA4636}.Release|Any CPU.Build.0 = Release|Any CPU
	EndGlobalSection
	GlobalSection(SolutionProperties) = preSolution
		HideSolutionNode = FALSE
	EndGlobalSection
	GlobalSection(ExtensibilityGlobals) = postSolution
		SolutionGuid = {A2B8C08B-6C3F-4B5E-9E92-2B8E6F0C01A1}
	EndGlobalSection
EndGlobal
